
Microsoft Visual Studio Solution File, Format Version 12.00
# Visual Studio Version 16
VisualStudioVersion = 16.0.30711.63
MinimumVisualStudioVersion = 10.0.40219.1
Project("{9A19103F-16F7-4668-BE54-9A1E7A4F7556}") = "FallOffTable", "FallOffTable\FallOffTable.csproj", "{82044A44-B54E-4C4C-94FA-169DAE875771}"
EndProject
Project("{FAE04EC0-301F-11D3-BF4B-00C04F79EFBC}") = "FallOffTableTests", "FallOffTableTests\FallOffTableTests.csproj", "{F5C5E308-F257-446A-84E1-2ACE82947BAC}"
EndProject
Global
	GlobalSection(SolutionConfigurationPlatforms) = preSolution
		Debug|Any CPU = Debug|Any CPU
		Release|Any CPU = Release|Any CPU
	EndGlobalSection
	GlobalSection(ProjectConfigurationPlatforms) = postSolution
		{82044A44-B54E-4C4C-94FA-169DAE875771}.Debug|Any CPU.ActiveCfg = Debug|Any CPU
		{82044A44-B54E-4C4C-94FA-169DAE875771}.Debug|Any CPU.Build.0 = Debug|Any CPU
		{82044A44-B54E-4C4C-94FA-169DAE875771}.Release|Any CPU.ActiveCfg = Release|Any CPU
		{82044A44-B54E-4C4C-94FA-169DAE875771}.Release|Any CPU.Build.0 = Release|Any CPU
		{F5C5E308-F257-446A-84E1-2ACE82947BAC}.Debug|Any CPU.ActiveCfg = Debug|Any CPU
		{F5C5E308-F257-446A-84E1-2ACE82947BAC}.Debug|Any CPU.Build.0 = Debug|Any CPU
		{F5C5E308-F257-446A-84E1-2ACE82947BAC}.Release|Any CPU.ActiveCfg = Release|Any CPU
		{F5C5E308-F257-446A-84E1-2ACE82947BAC}.Release|Any CPU.Build.0 = Release|Any CPU
	EndGlobalSection
	GlobalSection(SolutionProperties) = preSolution
		HideSolutionNode = FALSE
	EndGlobalSection
	GlobalSection(ExtensibilityGlobals) = postSolution
		SolutionGuid = {F81735F2-8C5E-40DF-A208-DE66DB078DF7}
	EndGlobalSection
EndGlobal
